
Microsoft Visual Studio Solution File, Format Version 12.00
# Visual Studio 16
Project("{FAE04EC0-301F-11D3-BF4B-00C04F79EFBC}") = "Assembly-CSharp", "Assembly-CSharp.csproj", "{EF4375F5-E940-D95B-AC72-8341EC5AAF9E}"
EndProject
Project("{FAE04EC0-301F-11D3-BF4B-00C04F79EFBC}") = "Assembly-CSharp-Editor", "Assembly-CSharp-Editor.csproj", "{D3358395-4DC9-BD4C-67AC-773669530ECB}"
EndProject
Global
	GlobalSection(SolutionConfigurationPlatforms) = preSolution
		Debug|Any CPU = Debug|Any CPU
		Release|Any CPU = Release|Any CPU
	EndGlobalSection
	GlobalSection(ProjectConfigurationPlatforms) = postSolution
		{EF4375F5-E940-D95B-AC72-8341EC5AAF9E}.Debug|Any CPU.ActiveCfg = Debug|Any CPU
		{EF4375F5-E940-D95B-AC72-8341EC5AAF9E}.Debug|Any CPU.Build.0 = Debug|Any CPU
		{EF4375F5-E940-D95B-AC72-8341EC5AAF9E}.Release|Any CPU.ActiveCfg = Release|Any CPU
		{EF4375F5-E940-D95B-AC72-8341EC5AAF9E}.Release|Any CPU.Build.0 = Release|Any CPU
		{D3358395-4DC9-BD4C-67AC-773669530ECB}.Debug|Any CPU.ActiveCfg = Debug|Any CPU
		{D3358395-4DC9-BD4C-67AC-773669530ECB}.Debug|Any CPU.Build.0 = Debug|Any CPU
		{D3358395-4DC9-BD4C-67AC-773669530ECB}.Release|Any CPU.ActiveCfg = Release|Any CPU
		{D3358395-4DC9-BD4C-67AC-773669530ECB}.Release|Any CPU.Build.0 = Release|Any CPU
	EndGlobalSection
	GlobalSection(SolutionProperties) = preSolution
		HideSolutionNode = FALSE
	EndGlobalSection
EndGlobal
